
Microsoft Visual Studio Solution File, Format Version 12.00
# Visual Studio Version 16
VisualStudioVersion = 16.0.30804.86
MinimumVisualStudioVersion = 10.0.40219.1
Project("{FAE04EC0-301F-11D3-BF4B-00C04F79EFBC}") = "HelloWorld.UWP", "HelloWorld\HelloWorld.UWP\HelloWorld.UWP.csproj", "{E5F09E5B-45FE-42AA-ABA4-BE05050EEF0A}"
EndProject
Project("{FAE04EC0-301F-11D3-BF4B-00C04F79EFBC}") = "HelloWorld.Android", "HelloWorld\HelloWorld.Android\HelloWorld.Android.csproj", "{0171C9A4-C2B3-4A19-B134-4A1BF2458676}"
EndProject
Project("{FAE04EC0-301F-11D3-BF4B-00C04F79EFBC}") = "HelloWorld.iOS", "HelloWorld\HelloWorld.iOS\HelloWorld.iOS.csproj", "{9250B4FC-8C32-40D4-BDAB-9778A149D4FB}"
EndProject
Project("{FAE04EC0-301F-11D3-BF4B-00C04F79EFBC}") = "HelloWorld", "HelloWorld\HelloWorld\HelloWorld.csproj", "{1FCF31EB-0FD5-45D0-B6D7-5D15EDFCC7EE}"
EndProject
Global
	GlobalSection(SolutionConfigurationPlatforms) = preSolution
		Debug|Any CPU = Debug|Any CPU
		Debug|ARM = Debug|ARM
		Debug|iPhone = Debug|iPhone
		Debug|iPhoneSimulator = Debug|iPhoneSimulator
		Debug|x64 = Debug|x64
		Debug|x86 = Debug|x86
		Release|Any CPU = Release|Any CPU
		Release|ARM = Release|ARM
		Release|iPhone = Release|iPhone
		Release|iPhoneSimulator = Release|iPhoneSimulator
		Release|x64 = Release|x64
		Release|x86 = Release|x86
	EndGlobalSection
	GlobalSection(ProjectConfigurationPlatforms) = postSolution
		{E5F09E5B-45FE-42AA-ABA4-BE05050EEF0A}.Debug|Any CPU.ActiveCfg = Debug|x86
		{E5F09E5B-45FE-42AA-ABA4-BE05050EEF0A}.Debug|Any CPU.Build.0 = Debug|x86
		{E5F09E5B-45FE-42AA-ABA4-BE05050EEF0A}.Debug|Any CPU.Deploy.0 = Debug|x86
		{E5F09E5B-45FE-42AA-ABA4-BE05050EEF0A}.Debug|ARM.ActiveCfg = Debug|ARM
		{E5F09E5B-45FE-42AA-ABA4-BE05050EEF0A}.Debug|ARM.Build.0 = Debug|ARM
		{E5F09E5B-45FE-42AA-ABA4-BE05050EEF0A}.Debug|ARM.Deploy.0 = Debug|ARM
		{E5F09E5B-45FE-42AA-ABA4-BE05050EEF0A}.Debug|iPhone.ActiveCfg = Debug|x86
		{E5F09E5B-45FE-42AA-ABA4-BE05050EEF0A}.Debug|iPhone.Build.0 = Debug|x86
		{E5F09E5B-45FE-42AA-ABA4-BE05050EEF0A}.Debug|iPhone.Deploy.0 = Debug|x86
		{E5F09E5B-45FE-42AA-ABA4-BE05050EEF0A}.Debug|iPhoneSimulator.ActiveCfg = Debug|x86
		{E5F09E5B-45FE-42AA-ABA4-BE05050EEF0A}.Debug|iPhoneSimulator.Build.0 = Debug|x86
		{E5F09E5B-45FE-42AA-ABA4-BE05050EEF0A}.Debug|iPhoneSimulator.Deploy.0 = Debug|x86
		{E5F09E5B-45FE-42AA-ABA4-BE05050EEF0A}.Debug|x64.ActiveCfg = Debug|x64
		{E5F09E5B-45FE-42AA-ABA4-BE05050EEF0A}.Debug|x64.Build.0 = Debug|x64
		{E5F09E5B-45FE-42AA-ABA4-BE05050EEF0A}.Debug|x64.Deploy.0 = Debug|x64
		{E5F09E5B-45FE-42AA-ABA4-BE05050EEF0A}.Debug|x86.ActiveCfg = Debug|x86
		{E5F09E5B-45FE-42AA-ABA4-BE05050EEF0A}.Debug|x86.Build.0 = Debug|x86
		{E5F09E5B-45FE-42AA-ABA4-BE05050EEF0A}.Debug|x86.Deploy.0 = Debug|x86
		{E5F09E5B-45FE-42AA-ABA4-BE05050EEF0A}.Release|Any CPU.ActiveCfg = Release|x86
		{E5F09E5B-45FE-42AA-ABA4-BE05050EEF0A}.Release|Any CPU.Build.0 = Release|x86
		{E5F09E5B-45FE-42AA-ABA4-BE05050EEF0A}.Release|Any CPU.Deploy.0 = Release|x86
		{E5F09E5B-45FE-42AA-ABA4-BE05050EEF0A}.Release|ARM.ActiveCfg = Release|ARM
		{E5F09E5B-45FE-42AA-ABA4-BE05050EEF0A}.Release|ARM.Build.0 = Release|ARM
		{E5F09E5B-45FE-42AA-ABA4-BE05050EEF0A}.Release|ARM.Deploy.0 = Release|ARM
		{E5F09E5B-45FE-42AA-ABA4-BE05050EEF0A}.Release|iPhone.ActiveCfg = Release|x86
		{E5F09E5B-45FE-42AA-ABA4-BE05050EEF0A}.Release|iPhone.Build.0 = Release|x86
		{E5F09E5B-45FE-42AA-ABA4-BE05050EEF0A}.Release|iPhone.Deploy.0 = Release|x86
		{E5F09E5B-45FE-42AA-ABA4-BE05050EEF0A}.Release|iPhoneSimulator.ActiveCfg = Release|x86
		{E5F09E5B-45FE-42AA-ABA4-BE05050EEF0A}.Release|iPhoneSimulator.Build.0 = Release|x86
		{E5F09E5B-45FE-42AA-ABA4-BE05050EEF0A}.Release|iPhoneSimulator.Deploy.0 = Release|x86
		{E5F09E5B-45FE-42AA-ABA4-BE05050EEF0A}.Release|x64.ActiveCfg = Release|x64
		{E5F09E5B-45FE-42AA-ABA4-BE05050EEF0A}.Release|x64.Build.0 = Release|x64
		{E5F09E5B-45FE-42AA-ABA4-BE05050EEF0A}.Release|x64.Deploy.0 = Release|x64
		{E5F09E5B-45FE-42AA-ABA4-BE05050EEF0A}.Release|x86.ActiveCfg = Release|x86
		{E5F09E5B-45FE-42AA-ABA4-BE05050EEF0A}.Release|x86.Build.0 = Release|x86
		{E5F09E5B-45FE-42AA-ABA4-BE05050EEF0A}.Release|x86.Deploy.0 = Release|x86
		{0171C9A4-C2B3-4A19-B134-4A1BF2458676}.Debug|Any CPU.ActiveCfg = Debug|Any CPU
		{0171C9A4-C2B3-4A19-B134-4A1BF2458676}.Debug|Any CPU.Build.0 = Debug|Any CPU
		{0171C9A4-C2B3-4A19-B134-4A1BF2458676}.Debug|Any CPU.Deploy.0 = Debug|Any CPU
		{0171C9A4-C2B3-4A19-B134-4A1BF2458676}.Debug|ARM.ActiveCfg = Debug|Any CPU
		{0171C9A4-C2B3-4A19-B134-4A1BF2458676}.Debug|ARM.Build.0 = Debug|Any CPU
		{0171C9A4-C2B3-4A19-B134-4A1BF2458676}.Debug|ARM.Deploy.0 = Debug|Any CPU
		{0171C9A4-C2B3-4A19-B134-4A1BF2458676}.Debug|iPhone.ActiveCfg = Debug|Any CPU
		{0171C9A4-C2B3-4A19-B134-4A1BF2458676}.Debug|iPhone.Build.0 = Debug|Any CPU
		{0171C9A4-C2B3-4A19-B134-4A1BF2458676}.Debug|iPhone.Deploy.0 = Debug|Any CPU
		{0171C9A4-C2B3-4A19-B134-4A1BF2458676}.Debug|iPhoneSimulator.ActiveCfg = Debug|Any CPU
		{0171C9A4-C2B3-4A19-B134-4A1BF2458676}.Debug|iPhoneSimulator.Build.0 = Debug|Any CPU
		{0171C9A4-C2B3-4A19-B134-4A1BF2458676}.Debug|iPhoneSimulator.Deploy.0 = Debug|Any CPU
		{0171C9A4-C2B3-4A19-B134-4A1BF2458676}.Debug|x64.ActiveCfg = Debug|Any CPU
		{0171C9A4-C2B3-4A19-B134-4A1BF2458676}.Debug|x64.Build.0 = Debug|Any CPU
		{0171C9A4-C2B3-4A19-B134-4A1BF2458676}.Debug|x64.Deploy.0 = Debug|Any CPU
		{0171C9A4-C2B3-4A19-B134-4A1BF2458676}.Debug|x86.ActiveCfg = Debug|Any CPU
		{0171C9A4-C2B3-4A19-B134-4A1BF2458676}.Debug|x86.Build.0 = Debug|Any CPU
		{0171C9A4-C2B3-4A19-B134-4A1BF2458676}.Debug|x86.Deploy.0 = Debug|Any CPU
		{0171C9A4-C2B3-4A19-B134-4A1BF2458676}.Release|Any CPU.ActiveCfg = Release|Any CPU
		{0171C9A4-C2B3-4A19-B134-4A1BF2458676}.Release|Any CPU.Build.0 = Release|Any CPU
		{0171C9A4-C2B3-4A19-B134-4A1BF2458676}.Release|Any CPU.Deploy.0 = Release|Any CPU
		{0171C9A4-C2B3-4A19-B134-4A1BF2458676}.Release|ARM.ActiveCfg = Release|Any CPU
		{0171C9A4-C2B3-4A19-B134-4A1BF2458676}.Release|ARM.Build.0 = Release|Any CPU
		{0171C9A4-C2B3-4A19-B134-4A1BF2458676}.Release|ARM.Deploy.0 = Release|Any CPU
		{0171C9A4-C2B3-4A19-B134-4A1BF2458676}.Release|iPhone.ActiveCfg = Release|Any CPU
		{0171C9A4-C2B3-4A19-B134-4A1BF2458676}.Release|iPhone.Build.0 = Release|Any CPU
		{0171C9A4-C2B3-4A19-B134-4A1BF2458676}.Release|iPhone.Deploy.0 = Release|Any CPU
		{0171C9A4-C2B3-4A19-B134-4A1BF2458676}.Release|iPhoneSimulator.ActiveCfg = Release|Any CPU
		{0171C9A4-C2B3-4A19-B134-4A1BF2458676}.Release|iPhoneSimulator.Build.0 = Release|Any CPU
		{0171C9A4-C2B3-4A19-B134-4A1BF2458676}.Release|iPhoneSimulator.Deploy.0 = Release|Any CPU
		{0171C9A4-C2B3-4A19-B134-4A1BF2458676}.Release|x64.ActiveCfg = Release|Any CPU
		{0171C9A4-C2B3-4A19-B134-4A1BF2458676}.Release|x64.Build.0 = Release|Any CPU
		{0171C9A4-C2B3-4A19-B134-4A1BF2458676}.Release|x64.Deploy.0 = Release|Any CPU
		{0171C9A4-C2B3-4A19-B134-4A1BF2458676}.Release|x86.ActiveCfg = Release|Any CPU
		{0171C9A4-C2B3-4A19-B134-4A1BF2458676}.Release|x86.Build.0 = Release|Any CPU
		{0171C9A4-C2B3-4A19-B134-4A1BF2458676}.Release|x86.Deploy.0 = Release|Any CPU
		{9250B4FC-8C32-40D4-BDAB-9778A149D4FB}.Debug|Any CPU.ActiveCfg = Debug|iPhoneSimulator
		{9250B4FC-8C32-40D4-BDAB-9778A149D4FB}.Debug|Any CPU.Build.0 = Debug|iPhoneSimulator
		{9250B4FC-8C32-40D4-BDAB-9778A149D4FB}.Debug|Any CPU.Deploy.0 = Debug|iPhoneSimulator
		{9250B4FC-8C32-40D4-BDAB-9778A149D4FB}.Debug|ARM.ActiveCfg = Debug|iPhone
		{9250B4FC-8C32-40D4-BDAB-9778A149D4FB}.Debug|ARM.Build.0 = Debug|iPhone
		{9250B4FC-8C32-40D4-BDAB-9778A149D4FB}.Debug|ARM.Deploy.0 = Debug|iPhone
		{9250B4FC-8C32-40D4-BDAB-9778A149D4FB}.Debug|iPhone.ActiveCfg = Debug|iPhone
		{9250B4FC-8C32-40D4-BDAB-9778A149D4FB}.Debug|iPhone.Build.0 = Debug|iPhone
		{9250B4FC-8C32-40D4-BDAB-9778A149D4FB}.Debug|iPhone.Deploy.0 = Debug|iPhone
		{9250B4FC-8C32-40D4-BDAB-9778A149D4FB}.Debug|iPhoneSimulator.ActiveCfg = Debug|iPhoneSimulator
		{9250B4FC-8C32-40D4-BDAB-9778A149D4FB}.Debug|iPhoneSimulator.Build.0 = Debug|iPhoneSimulator
		{9250B4FC-8C32-40D4-BDAB-9778A149D4FB}.Debug|iPhoneSimulator.Deploy.0 = Debug|iPhoneSimulator
		{9250B4FC-8C32-40D4-BDAB-9778A149D4FB}.Debug|x64.ActiveCfg = Debug|iPhoneSimulator
		{9250B4FC-8C32-40D4-BDAB-9778A149D4FB}.Debug|x64.Build.0 = Debug|iPhoneSimulator
		{9250B4FC-8C32-40D4-BDAB-9778A149D4FB}.Debug|x64.Deploy.0 = Debug|iPhoneSimulator
		{9250B4FC-8C32-40D4-BDAB-9778A149D4FB}.Debug|x86.ActiveCfg = Debug|iPhoneSimulator
		{9250B4FC-8C32-40D4-BDAB-9778A149D4FB}.Debug|x86.Build.0 = Debug|iPhoneSimulator
		{9250B4FC-8C32-40D4-BDAB-9778A149D4FB}.Debug|x86.Deploy.0 = Debug|iPhoneSimulator
		{9250B4FC-8C32-40D4-BDAB-9778A149D4FB}.Release|Any CPU.ActiveCfg = Release|iPhoneSimulator
		{9250B4FC-8C32-40D4-BDAB-9778A149D4FB}.Release|Any CPU.Build.0 = Release|iPhoneSimulator
		{9250B4FC-8C32-40D4-BDAB-9778A149D4FB}.Release|Any CPU.Deploy.0 = Release|iPhoneSimulator
		{9250B4FC-8C32-40D4-BDAB-9778A149D4FB}.Release|ARM.ActiveCfg = Release|iPhoneSimulator
		{9250B4FC-8C32-40D4-BDAB-9778A149D4FB}.Release|ARM.Build.0 = Release|iPhoneSimulator
		{9250B4FC-8C32-40D4-BDAB-9778A149D4FB}.Release|ARM.Deploy.0 = Release|iPhoneSimulator
		{9250B4FC-8C32-40D4-BDAB-9778A149D4FB}.Release|iPhone.ActiveCfg = Release|iPhone
		{9250B4FC-8C32-40D4-BDAB-9778A149D4FB}.Release|iPhone.Build.0 = Release|iPhone
		{9250B4FC-8C32-40D4-BDAB-9778A149D4FB}.Release|iPhone.Deploy.0 = Release|iPhone
		{9250B4FC-8C32-40D4-BDAB-9778A149D4FB}.Release|iPhoneSimulator.ActiveCfg = Release|iPhoneSimulator
		{9250B4FC-8C32-40D4-BDAB-9778A149D4FB}.Release|iPhoneSimulator.Build.0 = Release|iPhoneSimulator
		{9250B4FC-8C32-40D4-BDAB-9778A149D4FB}.Release|iPhoneSimulator.Deploy.0 = Release|iPhoneSimulator
		{9250B4FC-8C32-40D4-BDAB-9778A149D4FB}.Release|x64.ActiveCfg = Release|iPhoneSimulator
		{9250B4FC-8C32-40D4-BDAB-9778A149D4FB}.Release|x64.Build.0 = Release|iPhoneSimulator
		{9250B4FC-8C32-40D4-BDAB-9778A149D4FB}.Release|x64.Deploy.0 = Release|iPhoneSimulator
		{9250B4FC-8C32-40D4-BDAB-9778A149D4FB}.Release|x86.ActiveCfg = Release|iPhoneSimulator
		{9250B4FC-8C32-40D4-BDAB-9778A149D4FB}.Release|x86.Build.0 = Release|iPhoneSimulator
		{9250B4FC-8C32-40D4-BDAB-9778A149D4FB}.Release|x86.Deploy.0 = Release|iPhoneSimulator
		{1FCF31EB-0FD5-45D0-B6D7-5D15EDFCC7EE}.Debug|Any CPU.ActiveCfg = Debug|Any CPU
		{1FCF31EB-0FD5-45D0-B6D7-5D15EDFCC7EE}.Debug|Any CPU.Build.0 = Debug|Any CPU
		{1FCF31EB-0FD5-45D0-B6D7-5D15EDFCC7EE}.Debug|Any CPU.Deploy.0 = Debug|Any CPU
		{1FCF31EB-0FD5-45D0-B6D7-5D15EDFCC7EE}.Debug|ARM.ActiveCfg = Debug|Any CPU
		{1FCF31EB-0FD5-45D0-B6D7-5D15EDFCC7EE}.Debug|ARM.Build.0 = Debug|Any CPU
		{1FCF31EB-0FD5-45D0-B6D7-5D15EDFCC7EE}.Debug|ARM.Deploy.0 = Debug|Any CPU
		{1FCF31EB-0FD5-45D0-B6D7-5D15EDFCC7EE}.Debug|iPhone.ActiveCfg = Debug|Any CPU
		{1FCF31EB-0FD5-45D0-B6D7-5D15EDFCC7EE}.Debug|iPhone.Build.0 = Debug|Any CPU
		{1FCF31EB-0FD5-45D0-B6D7-5D15EDFCC7EE}.Debug|iPhone.Deploy.0 = Debug|Any CPU
		{1FCF31EB-0FD5-45D0-B6D7-5D15EDFCC7EE}.Debug|iPhoneSimulator.ActiveCfg = Debug|Any CPU
		{1FCF31EB-0FD5-45D0-B6D7-5D15EDFCC7EE}.Debug|iPhoneSimulator.Build.0 = Debug|Any CPU
		{1FCF31EB-0FD5-45D0-B6D7-5D15EDFCC7EE}.Debug|iPhoneSimulator.Deploy.0 = Debug|Any CPU
		{1FCF31EB-0FD5-45D0-B6D7-5D15EDFCC7EE}.Debug|x64.ActiveCfg = Debug|Any CPU
		{1FCF31EB-0FD5-45D0-B6D7-5D15EDFCC7EE}.Debug|x64.Build.0 = Debug|Any CPU
		{1FCF31EB-0FD5-45D0-B6D7-5D15EDFCC7EE}.Debug|x64.Deploy.0 = Debug|Any CPU
		{1FCF31EB-0FD5-45D0-B6D7-5D15EDFCC7EE}.Debug|x86.ActiveCfg = Debug|Any CPU
		{1FCF31EB-0FD5-45D0-B6D7-5D15EDFCC7EE}.Debug|x86.Build.0 = Debug|Any CPU
		{1FCF31EB-0FD5-45D0-B6D7-5D15EDFCC7EE}.Debug|x86.Deploy.0 = Debug|Any CPU
		{1FCF31EB-0FD5-45D0-B6D7-5D15EDFCC7EE}.Release|Any CPU.ActiveCfg = Release|Any CPU
		{1FCF31EB-0FD5-45D0-B6D7-5D15EDFCC7EE}.Release|Any CPU.Build.0 = Release|Any CPU
		{1FCF31EB-0FD5-45D0-B6D7-5D15EDFCC7EE}.Release|Any CPU.Deploy.0 = Release|Any CPU
		{1FCF31EB-0FD5-45D0-B6D7-5D15EDFCC7EE}.Release|ARM.ActiveCfg = Release|Any CPU
		{1FCF31EB-0FD5-45D0-B6D7-5D15EDFCC7EE}.Release|ARM.Build.0 = Release|Any CPU
		{1FCF31EB-0FD5-45D0-B6D7-5D15EDFCC7EE}.Release|ARM.Deploy.0 = Release|Any CPU
		{1FCF31EB-0FD5-45D0-B6D7-5D15EDFCC7EE}.Release|iPhone.ActiveCfg = Release|Any CPU
		{1FCF31EB-0FD5-45D0-B6D7-5D15EDFCC7EE}.Release|iPhone.Build.0 = Release|Any CPU
		{1FCF31EB-0FD5-45D0-B6D7-5D15EDFCC7EE}.Release|iPhone.Deploy.0 = Release|Any CPU
		{1FCF31EB-0FD5-45D0-B6D7-5D15EDFCC7EE}.Release|iPhoneSimulator.ActiveCfg = Release|Any CPU
		{1FCF31EB-0FD5-45D0-B6D7-5D15EDFCC7EE}.Release|iPhoneSimulator.Build.0 = Release|Any CPU
		{1FCF31EB-0FD5-45D0-B6D7-5D15EDFCC7EE}.Release|iPhoneSimulator.Deploy.0 = Release|Any CPU
		{1FCF31EB-0FD5-45D0-B6D7-5D15EDFCC7EE}.Release|x64.ActiveCfg = Release|Any CPU
		{1FCF31EB-0FD5-45D0-B6D7-5D15EDFCC7EE}.Release|x64.Build.0 = Release|Any CPU
		{1FCF31EB-0FD5-45D0-B6D7-5D15EDFCC7EE}.Release|x64.Deploy.0 = Release|Any CPU
		{1FCF31EB-0FD5-45D0-B6D7-5D15EDFCC7EE}.Release|x86.ActiveCfg = Release|Any CPU
		{1FCF31EB-0FD5-45D0-B6D7-5D15EDFCC7EE}.Release|x86.Build.0 = Release|Any CPU
		{1FCF31EB-0FD5-45D0-B6D7-5D15EDFCC7EE}.Release|x86.Deploy.0 = Release|Any CPU
	EndGlobalSection
	GlobalSection(SolutionProperties) = preSolution
		HideSolutionNode = FALSE
	EndGlobalSection
	GlobalSection(ExtensibilityGlobals) = postSolution
		SolutionGuid = {89EC189C-B725-40ED-9F09-EF92CC90C562}
	EndGlobalSection
EndGlobal
